
Microsoft Visual Studio Solution File, Format Version 12.00
# Visual Studio Version 17
VisualStudioVersion = 17.0.31903.59
MinimumVisualStudioVersion = 10.0.40219.1
Project("{2150E333-8FDC-42A3-9474-1A3956D46DE8}") = "src", "src", "{827E0CD3-B72D-47B6-A68D-7590B98EB39B}"
EndProject
Project("{FAE04EC0-301F-11D3-BF4B-00C04F79EFBC}") = "ShopHub.Api", "src\ShopHub.Api\ShopHub.Api.csproj", "{576351F2-B96A-4352-B7C4-31F45DB5E26A}"
EndProject
Project("{FAE04EC0-301F-11D3-BF4B-00C04F79EFBC}") = "ShopHub.Application", "src\ShopHub.Application\ShopHub.Application.csproj", "{9A502BC7-CEFA-466D-806A-287512EB6D30}"
EndProject
Project("{FAE04EC0-301F-11D3-BF4B-00C04F79EFBC}") = "ShopHub.Domain", "src\ShopHub.Domain\ShopHub.Domain.csproj", "{1771445E-DDB6-4609-A4D0-9D740C042503}"
EndProject
Project("{FAE04EC0-301F-11D3-BF4B-00C04F79EFBC}") = "ShopHub.Infrastructure", "src\ShopHub.Infrastructure\ShopHub.Infrastructure.csproj", "{C5DDD6D0-96F0-47BF-BF1D-8AD1F22DBA7A}"
EndProject
Project("{FAE04EC0-301F-11D3-BF4B-00C04F79EFBC}") = "ShopHub.Reporting", "src\ShopHub.Reporting\ShopHub.Reporting.csproj", "{AB7A1980-1716-49A6-8592-E343A539200F}"
EndProject
Project("{FAE04EC0-301F-11D3-BF4B-00C04F79EFBC}") = "ShopHub.IntegrationTests", "tests\ShopHub.IntegrationTests\ShopHub.IntegrationTests.csproj", "{86B4CE24-6E80-419B-A76D-723ABBD94A96}"
EndProject
Project("{FAE04EC0-301F-11D3-BF4B-00C04F79EFBC}") = "ShopHub.UnitTests", "tests\ShopHub.UnitTests\ShopHub.UnitTests.csproj", "{38ACA809-F504-45B1-9F02-17E0B8AA346A}"
EndProject
Global
	GlobalSection(SolutionConfigurationPlatforms) = preSolution
		Debug|Any CPU = Debug|Any CPU
		Debug|x64 = Debug|x64
		Debug|x86 = Debug|x86
		Release|Any CPU = Release|Any CPU
		Release|x64 = Release|x64
		Release|x86 = Release|x86
	EndGlobalSection
	GlobalSection(ProjectConfigurationPlatforms) = postSolution
		{576351F2-B96A-4352-B7C4-31F45DB5E26A}.Debug|Any CPU.ActiveCfg = Debug|Any CPU
		{576351F2-B96A-4352-B7C4-31F45DB5E26A}.Debug|Any CPU.Build.0 = Debug|Any CPU
		{576351F2-B96A-4352-B7C4-31F45DB5E26A}.Debug|x64.ActiveCfg = Debug|Any CPU
		{576351F2-B96A-4352-B7C4-31F45DB5E26A}.Debug|x64.Build.0 = Debug|Any CPU
		{576351F2-B96A-4352-B7C4-31F45DB5E26A}.Debug|x86.ActiveCfg = Debug|Any CPU
		{576351F2-B96A-4352-B7C4-31F45DB5E26A}.Debug|x86.Build.0 = Debug|Any CPU
		{576351F2-B96A-4352-B7C4-31F45DB5E26A}.Release|Any CPU.ActiveCfg = Release|Any CPU
		{576351F2-B96A-4352-B7C4-31F45DB5E26A}.Release|Any CPU.Build.0 = Release|Any CPU
		{576351F2-B96A-4352-B7C4-31F45DB5E26A}.Release|x64.ActiveCfg = Release|Any CPU
		{576351F2-B96A-4352-B7C4-31F45DB5E26A}.Release|x64.Build.0 = Release|Any CPU
		{576351F2-B96A-4352-B7C4-31F45DB5E26A}.Release|x86.ActiveCfg = Release|Any CPU
		{576351F2-B96A-4352-B7C4-31F45DB5E26A}.Release|x86.Build.0 = Release|Any CPU
		{9A502BC7-CEFA-466D-806A-287512EB6D30}.Debug|Any CPU.ActiveCfg = Debug|Any CPU
		{9A502BC7-CEFA-466D-806A-287512EB6D30}.Debug|Any CPU.Build.0 = Debug|Any CPU
		{9A502BC7-CEFA-466D-806A-287512EB6D30}.Debug|x64.ActiveCfg = Debug|Any CPU
		{9A502BC7-CEFA-466D-806A-287512EB6D30}.Debug|x64.Build.0 = Debug|Any CPU
		{9A502BC7-CEFA-466D-806A-287512EB6D30}.Debug|x86.ActiveCfg = Debug|Any CPU
		{9A502BC7-CEFA-466D-806A-287512EB6D30}.Debug|x86.Build.0 = Debug|Any CPU
		{9A502BC7-CEFA-466D-806A-287512EB6D30}.Release|Any CPU.ActiveCfg = Release|Any CPU
		{9A502BC7-CEFA-466D-806A-287512EB6D30}.Release|Any CPU.Build.0 = Release|Any CPU
		{9A502BC7-CEFA-466D-806A-287512EB6D30}.Release|x64.ActiveCfg = Release|Any CPU
		{9A502BC7-CEFA-466D-806A-287512EB6D30}.Release|x64.Build.0 = Release|Any CPU
		{9A502BC7-CEFA-466D-806A-287512EB6D30}.Release|x86.ActiveCfg = Release|Any CPU
		{9A502BC7-CEFA-466D-806A-287512EB6D30}.Release|x86.Build.0 = Release|Any CPU
		{1771445E-DDB6-4609-A4D0-9D740C042503}.Debug|Any CPU.ActiveCfg = Debug|Any CPU
		{1771445E-DDB6-4609-A4D0-9D740C042503}.Debug|Any CPU.Build.0 = Debug|Any CPU
		{1771445E-DDB6-4609-A4D0-9D740C042503}.Debug|x64.ActiveCfg = Debug|Any CPU
		{1771445E-DDB6-4609-A4D0-9D740C042503}.Debug|x64.Build.0 = Debug|Any CPU
		{1771445E-DDB6-4609-A4D0-9D740C042503}.Debug|x86.ActiveCfg = Debug|Any CPU
		{1771445E-DDB6-4609-A4D0-9D740C042503}.Debug|x86.Build.0 = Debug|Any CPU
		{1771445E-DDB6-4609-A4D0-9D740C042503}.Release|Any CPU.ActiveCfg = Release|Any CPU
		{1771445E-DDB6-4609-A4D0-9D740C042503}.Release|Any CPU.Build.0 = Release|Any CPU
		{1771445E-DDB6-4609-A4D0-9D740C042503}.Release|x64.ActiveCfg = Release|Any CPU
		{1771445E-DDB6-4609-A4D0-9D740C042503}.Release|x64.Build.0 = Release|Any CPU
		{1771445E-DDB6-4609-A4D0-9D740C042503}.Release|x86.ActiveCfg = Release|Any CPU
		{1771445E-DDB6-4609-A4D0-9D740C042503}.Release|x86.Build.0 = Release|Any CPU
		{C5DDD6D0-96F0-47BF-BF1D-8AD1F22DBA7A}.Debug|Any CPU.ActiveCfg = Debug|Any CPU
		{C5DDD6D0-96F0-47BF-BF1D-8AD1F22DBA7A}.Debug|Any CPU.Build.0 = Debug|Any CPU
		{C5DDD6D0-96F0-47BF-BF1D-8AD1F22DBA7A}.Debug|x64.ActiveCfg = Debug|Any CPU
		{C5DDD6D0-96F0-47BF-BF1D-8AD1F22DBA7A}.Debug|x64.Build.0 = Debug|Any CPU
		{C5DDD6D0-96F0-47BF-BF1D-8AD1F22DBA7A}.Debug|x86.ActiveCfg = Debug|Any CPU
		{C5DDD6D0-96F0-47BF-BF1D-8AD1F22DBA7A}.Debug|x86.Build.0 = Debug|Any CPU
		{C5DDD6D0-96F0-47BF-BF1D-8AD1F22DBA7A}.Release|Any CPU.ActiveCfg = Release|Any CPU
		{C5DDD6D0-96F0-47BF-BF1D-8AD1F22DBA7A}.Release|Any CPU.Build.0 = Release|Any CPU
		{C5DDD6D0-96F0-47BF-BF1D-8AD1F22DBA7A}.Release|x64.ActiveCfg = Release|Any CPU
		{C5DDD6D0-96F0-47BF-BF1D-8AD1F22DBA7A}.Release|x64.Build.0 = Release|Any CPU
		{C5DDD6D0-96F0-47BF-BF1D-8AD1F22DBA7A}.Release|x86.ActiveCfg = Release|Any CPU
		{C5DDD6D0-96F0-47BF-BF1D-8AD1F22DBA7A}.Release|x86.Build.0 = Release|Any CPU
		{AB7A1980-1716-49A6-8592-E343A539200F}.Debug|Any CPU.ActiveCfg = Debug|Any CPU
		{AB7A1980-1716-49A6-8592-E343A539200F}.Debug|Any CPU.Build.0 = Debug|Any CPU
		{AB7A1980-1716-49A6-8592-E343A539200F}.Debug|x64.ActiveCfg = Debug|Any CPU
		{AB7A1980-1716-49A6-8592-E343A539200F}.Debug|x64.Build.0 = Debug|Any CPU
		{AB7A1980-1716-49A6-8592-E343A539200F}.Debug|x86.ActiveCfg = Debug|Any CPU
		{AB7A1980-1716-49A6-8592-E343A539200F}.Debug|x86.Build.0 = Debug|Any CPU
		{AB7A1980-1716-49A6-8592-E343A539200F}.Release|Any CPU.ActiveCfg = Release|Any CPU
		{AB7A1980-1716-49A6-8592-E343A539200F}.Release|Any CPU.Build.0 = Release|Any CPU
		{AB7A1980-1716-49A6-8592-E343A539200F}.Release|x64.ActiveCfg = Release|Any CPU
		{AB7A1980-1716-49A6-8592-E343A539200F}.Release|x64.Build.0 = Release|Any CPU
		{AB7A1980-1716-49A6-8592-E343A539200F}.Release|x86.ActiveCfg = Release|Any CPU
		{AB7A1980-1716-49A6-8592-E343A539200F}.Release|x86.Build.0 = Release|Any CPU
		{86B4CE24-6E80-419B-A76D-723ABBD94A96}.Debug|Any CPU.ActiveCfg = Debug|Any CPU
		{86B4CE24-6E80-419B-A76D-723ABBD94A96}.Debug|Any CPU.Build.0 = Debug|Any CPU
		{86B4CE24-6E80-419B-A76D-723ABBD94A96}.Debug|x64.ActiveCfg = Debug|Any CPU
		{86B4CE24-6E80-419B-A76D-723ABBD94A96}.Debug|x64.Build.0 = Debug|Any CPU
		{86B4CE24-6E80-419B-A76D-723ABBD94A96}.Debug|x86.ActiveCfg = Debug|Any CPU
		{86B4CE24-6E80-419B-A76D-723ABBD94A96}.Debug|x86.Build.0 = Debug|Any CPU
		{86B4CE24-6E80-419B-A76D-723ABBD94A96}.Release|Any CPU.ActiveCfg = Release|Any CPU
		{86B4CE24-6E80-419B-A76D-723ABBD94A96}.Release|Any CPU.Build.0 = Release|Any CPU
		{86B4CE24-6E80-419B-A76D-723ABBD94A96}.Release|x64.ActiveCfg = Release|Any CPU
		{86B4CE24-6E80-419B-A76D-723ABBD94A96}.Release|x64.Build.0 = Release|Any CPU
		{86B4CE24-6E80-419B-A76D-723ABBD94A96}.Release|x86.ActiveCfg = Release|Any CPU
		{86B4CE24-6E80-419B-A76D-723ABBD94A96}.Release|x86.Build.0 = Release|Any CPU
		{38ACA809-F504-45B1-9F02-17E0B8AA346A}.Debug|Any CPU.ActiveCfg = Debug|Any CPU
		{38ACA809-F504-45B1-9F02-17E0B8AA346A}.Debug|Any CPU.Build.0 = Debug|Any CPU
		{38ACA809-F504-45B1-9F02-17E0B8AA346A}.Debug|x64.ActiveCfg = Debug|Any CPU
		{38ACA809-F504-45B1-9F02-17E0B8AA346A}.Debug|x64.Build.0 = Debug|Any CPU
		{38ACA809-F504-45B1-9F02-17E0B8AA346A}.Debug|x86.ActiveCfg = Debug|Any CPU
		{38ACA809-F504-45B1-9F02-17E0B8AA346A}.Debug|x86.Build.0 = Debug|Any CPU
		{38ACA809-F504-45B1-9F02-17E0B8AA346A}.Release|Any CPU.ActiveCfg = Release|Any CPU
		{38ACA809-F504-45B1-9F02-17E0B8AA346A}.Release|Any CPU.Build.0 = Release|Any CPU
		{38ACA809-F504-45B1-9F02-17E0B8AA346A}.Release|x64.ActiveCfg = Release|Any CPU
		{38ACA809-F504-45B1-9F02-17E0B8AA346A}.Release|x64.Build.0 = Release|Any CPU
		{38ACA809-F504-45B1-9F02-17E0B8AA346A}.Release|x86.ActiveCfg = Release|Any CPU
		{38ACA809-F504-45B1-9F02-17E0B8AA346A}.Release|x86.Build.0 = Release|Any CPU
	EndGlobalSection
	GlobalSection(SolutionProperties) = preSolution
		HideSolutionNode = FALSE
	EndGlobalSection
	GlobalSection(NestedProjects) = preSolution
		{576351F2-B96A-4352-B7C4-31F45DB5E26A} = {827E0CD3-B72D-47B6-A68D-7590B98EB39B}
		{9A502BC7-CEFA-466D-806A-287512EB6D30} = {827E0CD3-B72D-47B6-A68D-7590B98EB39B}
		{1771445E-DDB6-4609-A4D0-9D740C042503} = {827E0CD3-B72D-47B6-A68D-7590B98EB39B}
		{C5DDD6D0-96F0-47BF-BF1D-8AD1F22DBA7A} = {827E0CD3-B72D-47B6-A68D-7590B98EB39B}
		{AB7A1980-1716-49A6-8592-E343A539200F} = {827E0CD3-B72D-47B6-A68D-7590B98EB39B}
		{86B4CE24-6E80-419B-A76D-723ABBD94A96} = {827E0CD3-B72D-47B6-A68D-7590B98EB39B}
		{38ACA809-F504-45B1-9F02-17E0B8AA346A} = {827E0CD3-B72D-47B6-A68D-7590B98EB39B}
	EndGlobalSection
EndGlobal
